# THIS IS AN AUTOGENERATED FILE. DO NOT EDIT THIS FILE DIRECTLY.
# yarn lockfile v1


"@angular/cdk@^9.0.0":
  version "9.0.0"
  resolved "https://registry.yarnpkg.com/@angular/cdk/-/cdk-9.0.0.tgz#5734817ae97044f90d304fa0f25c9c1a7fa0bf96"
  integrity sha512-2kYpyYbewIB6fubSIDMvSprJLNplRZoL/AtXW3od4dLyRxtzX+7iWTAtzUG/dhq8CKev0lpd1HENh5lLR/Lhjw==
  optionalDependencies:
    parse5 "^5.0.0"

"@angular/flex-layout@^9.0.0-beta.29":
  version "9.0.0-beta.29"
  resolved "https://registry.yarnpkg.com/@angular/flex-layout/-/flex-layout-9.0.0-beta.29.tgz#a334ffd15c272e2d48cdaef3879625aadcc13a54"
  integrity sha512-93sxR+kYfYMOdnlWL0Q77FZ428gg8XnBu0YZm6GsCdkw/vLggIT/G1ZAqHlCPIODt6pxmCJ5KXh4ShvniIYDsA==

"@angular/material@^9.0.0":
  version "9.0.0"
  resolved "https://registry.yarnpkg.com/@angular/material/-/material-9.0.0.tgz#655bfd4d4047337e84480b9f92be8e81af375b92"
  integrity sha512-QxN2rmR5mvg2YE1NoIGWLpbnmcJq0iFidzy6odzvN17+XkoCJBZ65IdYsHrJgfwGpoIy6bywuixrDHHcSh9I5w==

parse5@^5.0.0:
  version "5.1.1"
  resolved "https://registry.yarnpkg.com/parse5/-/parse5-5.1.1.tgz#f68e4e5ba1852ac2cadc00f4555fff6c2abb6178"
  integrity sha512-ugq4DFI0Ptb+WWjAdOK16+u/nHfiIrcE+sh8kZMaM0WllQKLI9rOUq6c2b7cwPkXdzfQESqvoqK6ug7U/Yyzug==
